
Microsoft Visual Studio Solution File, Format Version 12.00
# Visual Studio Version 17
VisualStudioVersion = 17.3.32825.248
MinimumVisualStudioVersion = 10.0.40219.1
Project("{FAE04EC0-301F-11D3-BF4B-00C04F79EFBC}") = "Banking.UnitTests", "Banking.UnitTests\Banking.UnitTests.csproj", "{47B10B62-BBD1-41C5-988A-29F694A721B6}"
EndProject
Project("{FAE04EC0-301F-11D3-BF4B-00C04F79EFBC}") = "Banking.Domain", "Banking.Domain\Banking.Domain.csproj", "{0BFD10A3-315B-4DF2-BFD6-E93DA8BDAA64}"
EndProject
Global
	GlobalSection(SolutionConfigurationPlatforms) = preSolution
		Debug|Any CPU = Debug|Any CPU
		Release|Any CPU = Release|Any CPU
	EndGlobalSection
	GlobalSection(ProjectConfigurationPlatforms) = postSolution
		{47B10B62-BBD1-41C5-988A-29F694A721B6}.Debug|Any CPU.ActiveCfg = Debug|Any CPU
		{47B10B62-BBD1-41C5-988A-29F694A721B6}.Debug|Any CPU.Build.0 = Debug|Any CPU
		{47B10B62-BBD1-41C5-988A-29F694A721B6}.Release|Any CPU.ActiveCfg = Release|Any CPU
		{47B10B62-BBD1-41C5-988A-29F694A721B6}.Release|Any CPU.Build.0 = Release|Any CPU
		{0BFD10A3-315B-4DF2-BFD6-E93DA8BDAA64}.Debug|Any CPU.ActiveCfg = Debug|Any CPU
		{0BFD10A3-315B-4DF2-BFD6-E93DA8BDAA64}.Debug|Any CPU.Build.0 = Debug|Any CPU
		{0BFD10A3-315B-4DF2-BFD6-E93DA8BDAA64}.Release|Any CPU.ActiveCfg = Release|Any CPU
		{0BFD10A3-315B-4DF2-BFD6-E93DA8BDAA64}.Release|Any CPU.Build.0 = Release|Any CPU
	EndGlobalSection
	GlobalSection(SolutionProperties) = preSolution
		HideSolutionNode = FALSE
	EndGlobalSection
	GlobalSection(ExtensibilityGlobals) = postSolution
		SolutionGuid = {524C8760-DDF4-4A7A-8C5D-A78674843D2B}
	EndGlobalSection
EndGlobal
